<?xml version="1.0" encoding="utf-8"?>
<Project ToolsVersion="4.0" xmlns="http://schemas.microsoft.com/developer/msbuild/2003">
  <ItemGroup>
    <ClCompile Include="pch.cpp">
      <Filter>源文件</Filter>
    </ClCompile>
    <ClCompile Include="dllmain.cpp">
      <Filter>源文件</Filter>
    </ClCompile>
  </ItemGroup>
  <ItemGroup>
    <ClInclude Include="atom.h">
      <Filter>头文件</Filter>
    </ClInclude>
    <ClInclude Include="base.h">
      <Filter>头文件</Filter>
    </ClInclude>
    <ClInclude Include="defs.h">
      <Filter>头文件</Filter>
    </ClInclude>
    <ClInclude Include="framework.h">
      <Filter>头文件</Filter>
    </ClInclude>
    <ClInclude Include="io.h">
      <Filter>头文件</Filter>
    </ClInclude>
    <ClInclude Include="itertools.h">
      <Filter>头文件</Filter>
    </ClInclude>
    <ClInclude Include="matter.h">
      <Filter>头文件</Filter>
    </ClInclude>
    <ClInclude Include="numerical.h">
      <Filter>头文件</Filter>
    </ClInclude>
    <ClInclude Include="parse.h">
      <Filter>头文件</Filter>
    </ClInclude>
    <ClInclude Include="pch.h">
      <Filter>头文件</Filter>
    </ClInclude>
    <ClInclude Include="reaction.h">
      <Filter>头文件</Filter>
    </ClInclude>
    <ClInclude Include="strategy.h">
      <Filter>头文件</Filter>
    </ClInclude>
    <ClInclude Include="global.h">
      <Filter>头文件</Filter>
    </ClInclude>
  </ItemGroup>
  <ItemGroup>
    <Filter Include="头文件">
      <UniqueIdentifier>{feab426a-3884-48fe-b445-2253360ce8dd}</UniqueIdentifier>
    </Filter>
    <Filter Include="源文件">
      <UniqueIdentifier>{5a85f291-ab48-4fb9-804a-6c1bbcb3a013}</UniqueIdentifier>
    </Filter>
    <Filter Include="杂项">
      <UniqueIdentifier>{6ed56e06-e075-40be-894e-795a33ef7d6e}</UniqueIdentifier>
    </Filter>
  </ItemGroup>
  <ItemGroup>
    <None Include="packages.config">
      <Filter>杂项</Filter>
    </None>
  </ItemGroup>
</Project>